// !$*UTF8*$!
{
	archiveVersion = 1;
	classes = {
	};
	objectVersion = 77;
	objects = {

/* Begin PBXContainerItemProxy section */
		BF7E98C92D588E570022D49B /* PBXContainerItemProxy */ = {
			isa = PBXContainerItemProxy;
			containerPortal = BF7E98AA2D588E560022D49B /* Project object */;
			proxyType = 1;
			remoteGlobalIDString = BF7E98B12D588E560022D49B;
			remoteInfo = ToDoReminder;
		};
		BF7E98D32D588E570022D49B /* PBXContainerItemProxy */ = {
			isa = PBXContainerItemProxy;
			containerPortal = BF7E98AA2D588E560022D49B /* Project object */;
			proxyType = 1;
			remoteGlobalIDString = BF7E98B12D588E560022D49B;
			remoteInfo = ToDoReminder;
		};
/* End PBXContainerItemProxy section */

/* Begin PBXFileReference section */
		BF7E98B22D588E560022D49B /* ToDoReminder.app */ = {isa = PBXFileReference; explicitFileType = wrapper.application; includeInIndex = 0; path = ToDoReminder.app; sourceTree = BUILT_PRODUCTS_DIR; };
		BF7E98C82D588E570022D49B /* ToDoReminderTests.xctest */ = {isa = PBXFileReference; explicitFileType = wrapper.cfbundle; includeInIndex = 0; path = ToDoReminderTests.xctest; sourceTree = BUILT_PRODUCTS_DIR; };
		BF7E98D22D588E570022D49B /* ToDoReminderUITests.xctest */ = {isa = PBXFileReference; explicitFileType = wrapper.cfbundle; includeInIndex = 0; path = ToDoReminderUITests.xctest; sourceTree = BUILT_PRODUCTS_DIR; };
/* End PBXFileReference section */

/* Begin PBXFileSystemSynchronizedBuildFileExceptionSet section */
		BF7E98DA2D588E570022D49B /* Exceptions for "ToDoReminder" folder in "ToDoReminder" target */ = {
			isa = PBXFileSystemSynchronizedBuildFileExceptionSet;
			membershipExceptions = (
				Info.plist,
			);
			target = BF7E98B12D588E560022D49B /* ToDoReminder */;
		};
/* End PBXFileSystemSynchronizedBuildFileExceptionSet section */

/* Begin PBXFileSystemSynchronizedRootGroup section */
		BF7E98B42D588E560022D49B /* ToDoReminder */ = {
			isa = PBXFileSystemSynchronizedRootGroup;
			exceptions = (
				BF7E98DA2D588E570022D49B /* Exceptions for "ToDoReminder" folder in "ToDoReminder" target */,
			);
			path = ToDoReminder;
			sourceTree = "<group>";
		};
		BF7E98CB2D588E570022D49B /* ToDoReminderTests */ = {
			isa = PBXFileSystemSynchronizedRootGroup;
			path = ToDoReminderTests;
			sourceTree = "<group>";
		};
		BF7E98D52D588E570022D49B /* ToDoReminderUITests */ = {
			isa = PBXFileSystemSynchronizedRootGroup;
			path = ToDoReminderUITests;
			sourceTree = "<group>";
		};
/* End PBXFileSystemSynchronizedRootGroup section */

/* Begin PBXFrameworksBuildPhase section */
		BF7E98AF2D588E560022D49B /* Frameworks */ = {
			isa = PBXFrameworksBuildPhase;
			buildActionMask = 2147483647;
			files = (
			);
			runOnlyForDeploymentPostprocessing = 0;
		};
		BF7E98C52D588E570022D49B /* Frameworks */ = {
			isa = PBXFrameworksBuildPhase;
			buildActionMask = 2147483647;
			files = (
			);
			runOnlyForDeploymentPostprocessing = 0;
		};
		BF7E98CF2D588E570022D49B /* Frameworks */ = {
			isa = PBXFrameworksBuildPhase;
			buildActionMask = 2147483647;
			files = (
			);
			runOnlyForDeploymentPostprocessing = 0;
		};
/* End PBXFrameworksBuildPhase section */

/* Begin PBXGroup section */
		BF7E98A92D588E560022D49B = {
			isa = PBXGroup;
			children = (
				BF7E98B42D588E560022D49B /* ToDoReminder */,
				BF7E98CB2D588E570022D49B /* ToDoReminderTests */,
				BF7E98D52D588E570022D49B /* ToDoReminderUITests */,
				BF7E98B32D588E560022D49B /* Products */,
			);
			sourceTree = "<group>";
		};
		BF7E98B32D588E560022D49B /* Products */ = {
			isa = PBXGroup;
			children = (
				BF7E98B22D588E560022D49B /* ToDoReminder.app */,
				BF7E98C82D588E570022D49B /* ToDoReminderTests.xctest */,
				BF7E98D22D588E570022D49B /* ToDoReminderUITests.xctest */,
			);
			name = Products;
			sourceTree = "<group>";
		};
/* End PBXGroup section */

/* Begin PBXNativeTarget section */
		BF7E98B12D588E560022D49B /* ToDoReminder */ = {
			isa = PBXNativeTarget;
			buildConfigurationList = BF7E98DB2D588E570022D49B /* Build configuration list for PBXNativeTarget "ToDoReminder" */;
			buildPhases = (
				BF7E98AE2D588E560022D49B /* Sources */,
				BF7E98AF2D588E560022D49B /* Frameworks */,
				BF7E98B02D588E560022D49B /* Resources */,
			);
			buildRules = (
			);
			dependencies = (
			);
			fileSystemSynchronizedGroups = (
				BF7E98B42D588E560022D49B /* ToDoReminder */,
			);
			name = ToDoReminder;
			packageProductDependencies = (
			);
			productName = ToDoReminder;
			productReference = BF7E98B22D588E560022D49B /* ToDoReminder.app */;
			productType = "com.apple.product-type.application";
		};
		BF7E98C72D588E570022D49B /* ToDoReminderTests */ = {
			isa = PBXNativeTarget;
			buildConfigurationList = BF7E98E02D588E570022D49B /* Build configuration list for PBXNativeTarget "ToDoReminderTests" */;
			buildPhases = (
				BF7E98C42D588E570022D49B /* Sources */,
				BF7E98C52D588E570022D49B /* Frameworks */,
				BF7E98C62D588E570022D49B /* Resources */,
			);
			buildRules = (
			);
			dependencies = (
				BF7E98CA2D588E570022D49B /* PBXTargetDependency */,
			);
			fileSystemSynchronizedGroups = (
				BF7E98CB2D588E570022D49B /* ToDoReminderTests */,
			);
			name = ToDoReminderTests;
			packageProductDependencies = (
			);
			productName = ToDoReminderTests;
			productReference = BF7E98C82D588E570022D49B /* ToDoReminderTests.xctest */;
			productType = "com.apple.product-type.bundle.unit-test";
		};
		BF7E98D12D588E570022D49B /* ToDoReminderUITests */ = {
			isa = PBXNativeTarget;
			buildConfigurationList = BF7E98E32D588E570022D49B /* Build configuration list for PBXNativeTarget "ToDoReminderUITests" */;
			buildPhases = (
				BF7E98CE2D588E570022D49B /* Sources */,
				BF7E98CF2D588E570022D49B /* Frameworks */,
				BF7E98D02D588E570022D49B /* Resources */,
			);
			buildRules = (
			);
			dependencies = (
				BF7E98D42D588E570022D49B /* PBXTargetDependency */,
			);
			fileSystemSynchronizedGroups = (
				BF7E98D52D588E570022D49B /* ToDoReminderUITests */,
			);
			name = ToDoReminderUITests;
			packageProductDependencies = (
			);
			productName = ToDoReminderUITests;
			productReference = BF7E98D22D588E570022D49B /* ToDoReminderUITests.xctest */;
			productType = "com.apple.product-type.bundle.ui-testing";
		};
/* End PBXNativeTarget section */

/* Begin PBXProject section */
		BF7E98AA2D588E560022D49B /* Project object */ = {
			isa = PBXProject;
			attributes = {
				BuildIndependentTargetsInParallel = 1;
				LastSwiftUpdateCheck = 1620;
				LastUpgradeCheck = 1620;
				TargetAttributes = {
					BF7E98B12D588E560022D49B = {
						CreatedOnToolsVersion = 16.2;
					};
					BF7E98C72D588E570022D49B = {
						CreatedOnToolsVersion = 16.2;
						TestTargetID = BF7E98B12D588E560022D49B;
					};
					BF7E98D12D588E570022D49B = {
						CreatedOnToolsVersion = 16.2;
						TestTargetID = BF7E98B12D588E560022D49B;
					};
				};
			};
			buildConfigurationList = BF7E98AD2D588E560022D49B /* Build configuration list for PBXProject "ToDoReminder" */;
			developmentRegion = en;
			hasScannedForEncodings = 0;
			knownRegions = (
				en,
				Base,
			);
			mainGroup = BF7E98A92D588E560022D49B;
			minimizedProjectReferenceProxies = 1;
			preferredProjectObjectVersion = 77;
			productRefGroup = BF7E98B32D588E560022D49B /* Products */;
			projectDirPath = "";
			projectRoot = "";
			targets = (
				BF7E98B12D588E560022D49B /* ToDoReminder */,
				BF7E98C72D588E570022D49B /* ToDoReminderTests */,
				BF7E98D12D588E570022D49B /* ToDoReminderUITests */,
			);
		};
/* End PBXProject section */

/* Begin PBXResourcesBuildPhase section */
		BF7E98B02D588E560022D49B /* Resources */ = {
			isa = PBXResourcesBuildPhase;
			buildActionMask = 2147483647;
			files = (
			);
			runOnlyForDeploymentPostprocessing = 0;
		};
		BF7E98C62D588E570022D49B /* Resources */ = {
			isa = PBXResourcesBuildPhase;
			buildActionMask = 2147483647;
			files = (
			);
			runOnlyForDeploymentPostprocessing = 0;
		};
		BF7E98D02D588E570022D49B /* Resources */ = {
			isa = PBXResourcesBuildPhase;
			buildActionMask = 2147483647;
			files = (
			);
			runOnlyForDeploymentPostprocessing = 0;
		};
/* End PBXResourcesBuildPhase section */

/* Begin PBXSourcesBuildPhase section */
		BF7E98AE2D588E560022D49B /* Sources */ = {
			isa = PBXSourcesBuildPhase;
			buildActionMask = 2147483647;
			files = (
			);
			runOnlyForDeploymentPostprocessing = 0;
		};
		BF7E98C42D588E570022D49B /* Sources */ = {
			isa = PBXSourcesBuildPhase;
			buildActionMask = 2147483647;
			files = (
			);
			runOnlyForDeploymentPostprocessing = 0;
		};
		BF7E98CE2D588E570022D49B /* Sources */ = {
			isa = PBXSourcesBuildPhase;
			buildActionMask = 2147483647;
			files = (
			);
			runOnlyForDeploymentPostprocessing = 0;
		};
/* End PBXSourcesBuildPhase section */

/* Begin PBXTargetDependency section */
		BF7E98CA2D588E570022D49B /* PBXTargetDependency */ = {
			isa = PBXTargetDependency;
			target = BF7E98B12D588E560022D49B /* ToDoReminder */;
			targetProxy = BF7E98C92D588E570022D49B /* PBXContainerItemProxy */;
		};
		BF7E98D42D588E570022D49B /* PBXTargetDependency */ = {
			isa = PBXTargetDependency;
			target = BF7E98B12D588E560022D49B /* ToDoReminder */;
			targetProxy = BF7E98D32D588E570022D49B /* PBXContainerItemProxy */;
		};
/* End PBXTargetDependency section */

/* Begin XCBuildConfiguration section */
		BF7E98DC2D588E570022D49B /* Debug */ = {
			isa = XCBuildConfiguration;
			buildSettings = {
				ASSETCATALOG_COMPILER_APPICON_NAME = AppIcon;
				ASSETCATALOG_COMPILER_GLOBAL_ACCENT_COLOR_NAME = AccentColor;
				CODE_SIGN_STYLE = Automatic;
				CURRENT_PROJECT_VERSION = 1;
				GENERATE_INFOPLIST_FILE = YES;
				INFOPLIST_FILE = ToDoReminder/Info.plist;
				INFOPLIST_KEY_UIApplicationSupportsIndirectInputEvents = YES;
				INFOPLIST_KEY_UILaunchStoryboardName = LaunchScreen;
				INFOPLIST_KEY_UIMainStoryboardFile = Main;
				INFOPLIST_KEY_UISupportedInterfaceOrientations_iPad = "UIInterfaceOrientationPortrait UIInterfaceOrientationPortraitUpsideDown UIInterfaceOrientationLandscapeLeft UIInterfaceOrientationLandscapeRight";
				INFOPLIST_KEY_UISupportedInterfaceOrientations_iPhone = "UIInterfaceOrientationPortrait UIInterfaceOrientationLandscapeLeft UIInterfaceOrientationLandscapeRight";
				LD_RUNPATH_SEARCH_PATHS = (
					"$(inherited)",
					"@executable_path/Frameworks",
				);
				MARKETING_VERSION = 1.0;
				PRODUCT_BUNDLE_IDENTIFIER = com.meowbutlerdev.ToDoReminder;
				PRODUCT_NAME = "$(TARGET_NAME)";
				SWIFT_EMIT_LOC_STRINGS = YES;
				SWIFT_VERSION = 5.0;
				TARGETED_DEVICE_FAMILY = "1,2";
			};
			name = Debug;
		};
		BF7E98DD2D588E570022D49B /* Release */ = {
			isa = XCBuildConfiguration;
			buildSettings = {
				ASSETCATALOG_COMPILER_APPICON_NAME = AppIcon;
				ASSETCATALOG_COMPILER_GLOBAL_ACCENT_COLOR_NAME = AccentColor;
				CODE_SIGN_STYLE = Automatic;
				CURRENT_PROJECT_VERSION = 1;
				GENERATE_INFOPLIST_FILE = YES;
				INFOPLIST_FILE = ToDoReminder/Info.plist;
				INFOPLIST_KEY_UIApplicationSupportsIndirectInputEvents = YES;
				INFOPLIST_KEY_UILaunchStoryboardName = LaunchScreen;
				INFOPLIST_KEY_UIMainStoryboardFile = Main;
				INFOPLIST_KEY_UISupportedInterfaceOrientations_iPad = "UIInterfaceOrientationPortrait UIInterfaceOrientationPortraitUpsideDown UIInterfaceOrientationLandscapeLeft UIInterfaceOrientationLandscapeRight";
				INFOPLIST_KEY_UISupportedInterfaceOrientations_iPhone = "UIInterfaceOrientationPortrait UIInterfaceOrientationLandscapeLeft UIInterfaceOrientationLandscapeRight";
				LD_RUNPATH_SEARCH_PATHS = (
					"$(inherited)",
					"@executable_path/Frameworks",
				);
				MARKETING_VERSION = 1.0;
				PRODUCT_BUNDLE_IDENTIFIER = com.meowbutlerdev.ToDoReminder;
				PRODUCT_NAME = "$(TARGET_NAME)";
				SWIFT_EMIT_LOC_STRINGS = YES;
				SWIFT_VERSION = 5.0;
				TARGETED_DEVICE_FAMILY = "1,2";
			};
			name = Release;
		};
		BF7E98DE2D588E570022D49B /* Debug */ = {
			isa = XCBuildConfiguration;
			buildSettings = {
				ALWAYS_SEARCH_USER_PATHS = NO;
				ASSETCATALOG_COMPILER_GENERATE_SWIFT_ASSET_SYMBOL_EXTENSIONS = YES;
				CLANG_ANALYZER_NONNULL = YES;
				CLANG_ANALYZER_NUMBER_OBJECT_CONVERSION = YES_AGGRESSIVE;
				CLANG_CXX_LANGUAGE_STANDARD = "gnu++20";
				CLANG_ENABLE_MODULES = YES;
				CLANG_ENABLE_OBJC_ARC = YES;
				CLANG_ENABLE_OBJC_WEAK = YES;
				CLANG_WARN_BLOCK_CAPTURE_AUTORELEASING = YES;
				CLANG_WARN_BOOL_CONVERSION = YES;
				CLANG_WARN_COMMA = YES;
				CLANG_WARN_CONSTANT_CONVERSION = YES;
				CLANG_WARN_DEPRECATED_OBJC_IMPLEMENTATIONS = YES;
				CLANG_WARN_DIRECT_OBJC_ISA_USAGE = YES_ERROR;
				CLANG_WARN_DOCUMENTATION_COMMENTS = YES;
				CLANG_WARN_EMPTY_BODY = YES;
				CLANG_WARN_ENUM_CONVERSION = YES;
				CLANG_WARN_INFINITE_RECURSION = YES;
				CLANG_WARN_INT_CONVERSION = YES;
				CLANG_WARN_NON_LITERAL_NULL_CONVERSION = YES;
				CLANG_WARN_OBJC_IMPLICIT_RETAIN_SELF = YES;
				CLANG_WARN_OBJC_LITERAL_CONVERSION = YES;
				CLANG_WARN_OBJC_ROOT_CLASS = YES_ERROR;
				CLANG_WARN_QUOTED_INCLUDE_IN_FRAMEWORK_HEADER = YES;
				CLANG_WARN_RANGE_LOOP_ANALYSIS = YES;
				CLANG_WARN_STRICT_PROTOTYPES = YES;
				CLANG_WARN_SUSPICIOUS_MOVE = YES;
				CLANG_WARN_UNGUARDED_AVAILABILITY = YES_AGGRESSIVE;
				CLANG_WARN_UNREACHABLE_CODE = YES;
				CLANG_WARN__DUPLICATE_METHOD_MATCH = YES;
				COPY_PHASE_STRIP = NO;
				DEBUG_INFORMATION_FORMAT = dwarf;
				ENABLE_STRICT_OBJC_MSGSEND = YES;
				ENABLE_TESTABILITY = YES;
				ENABLE_USER_SCRIPT_SANDBOXING = YES;
				GCC_C_LANGUAGE_STANDARD = gnu17;
				GCC_DYNAMIC_NO_PIC = NO;
				GCC_NO_COMMON_BLOCKS = YES;
				GCC_OPTIMIZATION_LEVEL = 0;
				GCC_PREPROCESSOR_DEFINITIONS = (
					"DEBUG=1",
					"$(inherited)",
				);
				GCC_WARN_64_TO_32_BIT_CONVERSION = YES;
				GCC_WARN_ABOUT_RETURN_TYPE = YES_ERROR;
				GCC_WARN_UNDECLARED_SELECTOR = YES;
				GCC_WARN_UNINITIALIZED_AUTOS = YES_AGGRESSIVE;
				GCC_WARN_UNUSED_FUNCTION = YES;
				GCC_WARN_UNUSED_VARIABLE = YES;
				IPHONEOS_DEPLOYMENT_TARGET = 18.2;
				LOCALIZATION_PREFERS_STRING_CATALOGS = YES;
				MTL_ENABLE_DEBUG_INFO = INCLUDE_SOURCE;
				MTL_FAST_MATH = YES;
				ONLY_ACTIVE_ARCH = YES;
				SDKROOT = iphoneos;
				SWIFT_ACTIVE_COMPILATION_CONDITIONS = "DEBUG $(inherited)";
				SWIFT_OPTIMIZATION_LEVEL = "-Onone";
			};
			name = Debug;
		};
		BF7E98DF2D588E570022D49B /* Release */ = {
			isa = XCBuildConfiguration;
			buildSettings = {
				ALWAYS_SEARCH_USER_PATHS = NO;
				ASSETCATALOG_COMPILER_GENERATE_SWIFT_ASSET_SYMBOL_EXTENSIONS = YES;
				CLANG_ANALYZER_NONNULL = YES;
				CLANG_ANALYZER_NUMBER_OBJECT_CONVERSION = YES_AGGRESSIVE;
				CLANG_CXX_LANGUAGE_STANDARD = "gnu++20";
				CLANG_ENABLE_MODULES = YES;
				CLANG_ENABLE_OBJC_ARC = YES;
				CLANG_ENABLE_OBJC_WEAK = YES;
				CLANG_WARN_BLOCK_CAPTURE_AUTORELEASING = YES;
				CLANG_WARN_BOOL_CONVERSION = YES;
				CLANG_WARN_COMMA = YES;
				CLANG_WARN_CONSTANT_CONVERSION = YES;
				CLANG_WARN_DEPRECATED_OBJC_IMPLEMENTATIONS = YES;
				CLANG_WARN_DIRECT_OBJC_ISA_USAGE = YES_ERROR;
				CLANG_WARN_DOCUMENTATION_COMMENTS = YES;
				CLANG_WARN_EMPTY_BODY = YES;
				CLANG_WARN_ENUM_CONVERSION = YES;
				CLANG_WARN_INFINITE_RECURSION = YES;
				CLANG_WARN_INT_CONVERSION = YES;
				CLANG_WARN_NON_LITERAL_NULL_CONVERSION = YES;
				CLANG_WARN_OBJC_IMPLICIT_RETAIN_SELF = YES;
				CLANG_WARN_OBJC_LITERAL_CONVERSION = YES;
				CLANG_WARN_OBJC_ROOT_CLASS = YES_ERROR;
				CLANG_WARN_QUOTED_INCLUDE_IN_FRAMEWORK_HEADER = YES;
				CLANG_WARN_RANGE_LOOP_ANALYSIS = YES;
				CLANG_WARN_STRICT_PROTOTYPES = YES;
				CLANG_WARN_SUSPICIOUS_MOVE = YES;
				CLANG_WARN_UNGUARDED_AVAILABILITY = YES_AGGRESSIVE;
				CLANG_WARN_UNREACHABLE_CODE = YES;
				CLANG_WARN__DUPLICATE_METHOD_MATCH = YES;
				COPY_PHASE_STRIP = NO;
				DEBUG_INFORMATION_FORMAT = "dwarf-with-dsym";
				ENABLE_NS_ASSERTIONS = NO;
				ENABLE_STRICT_OBJC_MSGSEND = YES;
				ENABLE_USER_SCRIPT_SANDBOXING = YES;
				GCC_C_LANGUAGE_STANDARD = gnu17;
				GCC_NO_COMMON_BLOCKS = YES;
				GCC_WARN_64_TO_32_BIT_CONVERSION = YES;
				GCC_WARN_ABOUT_RETURN_TYPE = YES_ERROR;
				GCC_WARN_UNDECLARED_SELECTOR = YES;
				GCC_WARN_UNINITIALIZED_AUTOS = YES_AGGRESSIVE;
				GCC_WARN_UNUSED_FUNCTION = YES;
				GCC_WARN_UNUSED_VARIABLE = YES;
				IPHONEOS_DEPLOYMENT_TARGET = 18.2;
				LOCALIZATION_PREFERS_STRING_CATALOGS = YES;
				MTL_ENABLE_DEBUG_INFO = NO;
				MTL_FAST_MATH = YES;
				SDKROOT = iphoneos;
				SWIFT_COMPILATION_MODE = wholemodule;
				VALIDATE_PRODUCT = YES;
			};
			name = Release;
		};
		BF7E98E12D588E570022D49B /* Debug */ = {
			isa = XCBuildConfiguration;
			buildSettings = {
				BUNDLE_LOADER = "$(TEST_HOST)";
				CODE_SIGN_STYLE = Automatic;
				CURRENT_PROJECT_VERSION = 1;
				GENERATE_INFOPLIST_FILE = YES;
				IPHONEOS_DEPLOYMENT_TARGET = 18.2;
				MARKETING_VERSION = 1.0;
				PRODUCT_BUNDLE_IDENTIFIER = com.meowbutlerdev.ToDoReminderTests;
				PRODUCT_NAME = "$(TARGET_NAME)";
				SWIFT_EMIT_LOC_STRINGS = NO;
				SWIFT_VERSION = 5.0;
				TARGETED_DEVICE_FAMILY = "1,2";
				TEST_HOST = "$(BUILT_PRODUCTS_DIR)/ToDoReminder.app/$(BUNDLE_EXECUTABLE_FOLDER_PATH)/ToDoReminder";
			};
			name = Debug;
		};
		BF7E98E22D588E570022D49B /* Release */ = {
			isa = XCBuildConfiguration;
			buildSettings = {
				BUNDLE_LOADER = "$(TEST_HOST)";
				CODE_SIGN_STYLE = Automatic;
				CURRENT_PROJECT_VERSION = 1;
				GENERATE_INFOPLIST_FILE = YES;
				IPHONEOS_DEPLOYMENT_TARGET = 18.2;
				MARKETING_VERSION = 1.0;
				PRODUCT_BUNDLE_IDENTIFIER = com.meowbutlerdev.ToDoReminderTests;
				PRODUCT_NAME = "$(TARGET_NAME)";
				SWIFT_EMIT_LOC_STRINGS = NO;
				SWIFT_VERSION = 5.0;
				TARGETED_DEVICE_FAMILY = "1,2";
				TEST_HOST = "$(BUILT_PRODUCTS_DIR)/ToDoReminder.app/$(BUNDLE_EXECUTABLE_FOLDER_PATH)/ToDoReminder";
			};
			name = Release;
		};
		BF7E98E42D588E570022D49B /* Debug */ = {
			isa = XCBuildConfiguration;
			buildSettings = {
				CODE_SIGN_STYLE = Automatic;
				CURRENT_PROJECT_VERSION = 1;
				GENERATE_INFOPLIST_FILE = YES;
				MARKETING_VERSION = 1.0;
				PRODUCT_BUNDLE_IDENTIFIER = com.meowbutlerdev.ToDoReminderUITests;
				PRODUCT_NAME = "$(TARGET_NAME)";
				SWIFT_EMIT_LOC_STRINGS = NO;
				SWIFT_VERSION = 5.0;
				TARGETED_DEVICE_FAMILY = "1,2";
				TEST_TARGET_NAME = ToDoReminder;
			};
			name = Debug;
		};
		BF7E98E52D588E570022D49B /* Release */ = {
			isa = XCBuildConfiguration;
			buildSettings = {
				CODE_SIGN_STYLE = Automatic;
				CURRENT_PROJECT_VERSION = 1;
				GENERATE_INFOPLIST_FILE = YES;
				MARKETING_VERSION = 1.0;
				PRODUCT_BUNDLE_IDENTIFIER = com.meowbutlerdev.ToDoReminderUITests;
				PRODUCT_NAME = "$(TARGET_NAME)";
				SWIFT_EMIT_LOC_STRINGS = NO;
				SWIFT_VERSION = 5.0;
				TARGETED_DEVICE_FAMILY = "1,2";
				TEST_TARGET_NAME = ToDoReminder;
			};
			name = Release;
		};
/* End XCBuildConfiguration section */

/* Begin XCConfigurationList section */
		BF7E98AD2D588E560022D49B /* Build configuration list for PBXProject "ToDoReminder" */ = {
			isa = XCConfigurationList;
			buildConfigurations = (
				BF7E98DE2D588E570022D49B /* Debug */,
				BF7E98DF2D588E570022D49B /* Release */,
			);
			defaultConfigurationIsVisible = 0;
			defaultConfigurationName = Release;
		};
		BF7E98DB2D588E570022D49B /* Build configuration list for PBXNativeTarget "ToDoReminder" */ = {
			isa = XCConfigurationList;
			buildConfigurations = (
				BF7E98DC2D588E570022D49B /* Debug */,
				BF7E98DD2D588E570022D49B /* Release */,
			);
			defaultConfigurationIsVisible = 0;
			defaultConfigurationName = Release;
		};
		BF7E98E02D588E570022D49B /* Build configuration list for PBXNativeTarget "ToDoReminderTests" */ = {
			isa = XCConfigurationList;
			buildConfigurations = (
				BF7E98E12D588E570022D49B /* Debug */,
				BF7E98E22D588E570022D49B /* Release */,
			);
			defaultConfigurationIsVisible = 0;
			defaultConfigurationName = Release;
		};
		BF7E98E32D588E570022D49B /* Build configuration list for PBXNativeTarget "ToDoReminderUITests" */ = {
			isa = XCConfigurationList;
			buildConfigurations = (
				BF7E98E42D588E570022D49B /* Debug */,
				BF7E98E52D588E570022D49B /* Release */,
			);
			defaultConfigurationIsVisible = 0;
			defaultConfigurationName = Release;
		};
/* End XCConfigurationList section */
	};
	rootObject = BF7E98AA2D588E560022D49B /* Project object */;
}
